
Microsoft Visual Studio Solution File, Format Version 12.00
# Visual Studio Version 17
VisualStudioVersion = 17.8.34316.72
MinimumVisualStudioVersion = 10.0.40219.1
Project("{FAE04EC0-301F-11D3-BF4B-00C04F79EFBC}") = "MyFirstConsoleApp", "MyFirstConsoleApp\MyFirstConsoleApp.csproj", "{008D4B93-CC4C-4585-85FB-F78ABDFE105A}"
EndProject
Global
	GlobalSection(SolutionConfigurationPlatforms) = preSolution
		Debug|Any CPU = Debug|Any CPU
		Release|Any CPU = Release|Any CPU
	EndGlobalSection
	GlobalSection(ProjectConfigurationPlatforms) = postSolution
		{008D4B93-CC4C-4585-85FB-F78ABDFE105A}.Debug|Any CPU.ActiveCfg = Debug|Any CPU
		{008D4B93-CC4C-4585-85FB-F78ABDFE105A}.Debug|Any CPU.Build.0 = Debug|Any CPU
		{008D4B93-CC4C-4585-85FB-F78ABDFE105A}.Release|Any CPU.ActiveCfg = Release|Any CPU
		{008D4B93-CC4C-4585-85FB-F78ABDFE105A}.Release|Any CPU.Build.0 = Release|Any CPU
	EndGlobalSection
	GlobalSection(SolutionProperties) = preSolution
		HideSolutionNode = FALSE
	EndGlobalSection
	GlobalSection(ExtensibilityGlobals) = postSolution
		SolutionGuid = {2FD54A02-8943-431B-B597-397FC25B9D0E}
	EndGlobalSection
EndGlobal
